// !$*UTF8*$!
{
	archiveVersion = 1;
	classes = {
	};
	objectVersion = 56;
	objects = {

/* Begin PBXBuildFile section */
		7BE5181529F6D82200985525 /* CombineCryproCoinAppApp.swift in Sources */ = {isa = PBXBuildFile; fileRef = 7BE5181429F6D82200985525 /* CombineCryproCoinAppApp.swift */; };
		7BE5181729F6D82200985525 /* HomeView.swift in Sources */ = {isa = PBXBuildFile; fileRef = 7BE5181629F6D82200985525 /* HomeView.swift */; };
		7BE5181929F6D82300985525 /* Assets.xcassets in Resources */ = {isa = PBXBuildFile; fileRef = 7BE5181829F6D82300985525 /* Assets.xcassets */; };
		7BE5181C29F6D82300985525 /* Preview Assets.xcassets in Resources */ = {isa = PBXBuildFile; fileRef = 7BE5181B29F6D82300985525 /* Preview Assets.xcassets */; };
		7BE5182329F6DD1800985525 /* HomeViewModel.swift in Sources */ = {isa = PBXBuildFile; fileRef = 7BE5182229F6DD1800985525 /* HomeViewModel.swift */; };
		7BE5182729F6DDDD00985525 /* Responses.swift in Sources */ = {isa = PBXBuildFile; fileRef = 7BE5182629F6DDDD00985525 /* Responses.swift */; };
		7BE5182C29F6E22A00985525 /* Parsing.swift in Sources */ = {isa = PBXBuildFile; fileRef = 7BE5182B29F6E22A00985525 /* Parsing.swift */; };
		7BE5182E29F6E24500985525 /* CoinError.swift in Sources */ = {isa = PBXBuildFile; fileRef = 7BE5182D29F6E24500985525 /* CoinError.swift */; };
		7BE5183029F6E2CC00985525 /* CoinFetcher.swift in Sources */ = {isa = PBXBuildFile; fileRef = 7BE5182F29F6E2CC00985525 /* CoinFetcher.swift */; };
		7BE5183229F6F27D00985525 /* CoinRowViewModel.swift in Sources */ = {isa = PBXBuildFile; fileRef = 7BE5183129F6F27D00985525 /* CoinRowViewModel.swift */; };
		7BE5183429F6F28600985525 /* CoinRowView.swift in Sources */ = {isa = PBXBuildFile; fileRef = 7BE5183329F6F28600985525 /* CoinRowView.swift */; };
/* End PBXBuildFile section */

/* Begin PBXFileReference section */
		7BE5181129F6D82200985525 /* CombineCryproCoinApp.app */ = {isa = PBXFileReference; explicitFileType = wrapper.application; includeInIndex = 0; path = CombineCryproCoinApp.app; sourceTree = BUILT_PRODUCTS_DIR; };
		7BE5181429F6D82200985525 /* CombineCryproCoinAppApp.swift */ = {isa = PBXFileReference; lastKnownFileType = sourcecode.swift; path = CombineCryproCoinAppApp.swift; sourceTree = "<group>"; };
		7BE5181629F6D82200985525 /* HomeView.swift */ = {isa = PBXFileReference; lastKnownFileType = sourcecode.swift; path = HomeView.swift; sourceTree = "<group>"; };
		7BE5181829F6D82300985525 /* Assets.xcassets */ = {isa = PBXFileReference; lastKnownFileType = folder.assetcatalog; path = Assets.xcassets; sourceTree = "<group>"; };
		7BE5181B29F6D82300985525 /* Preview Assets.xcassets */ = {isa = PBXFileReference; lastKnownFileType = folder.assetcatalog; path = "Preview Assets.xcassets"; sourceTree = "<group>"; };
		7BE5182229F6DD1800985525 /* HomeViewModel.swift */ = {isa = PBXFileReference; lastKnownFileType = sourcecode.swift; path = HomeViewModel.swift; sourceTree = "<group>"; };
		7BE5182629F6DDDD00985525 /* Responses.swift */ = {isa = PBXFileReference; lastKnownFileType = sourcecode.swift; path = Responses.swift; sourceTree = "<group>"; };
		7BE5182B29F6E22A00985525 /* Parsing.swift */ = {isa = PBXFileReference; lastKnownFileType = sourcecode.swift; path = Parsing.swift; sourceTree = "<group>"; };
		7BE5182D29F6E24500985525 /* CoinError.swift */ = {isa = PBXFileReference; lastKnownFileType = sourcecode.swift; path = CoinError.swift; sourceTree = "<group>"; };
		7BE5182F29F6E2CC00985525 /* CoinFetcher.swift */ = {isa = PBXFileReference; lastKnownFileType = sourcecode.swift; path = CoinFetcher.swift; sourceTree = "<group>"; };
		7BE5183129F6F27D00985525 /* CoinRowViewModel.swift */ = {isa = PBXFileReference; lastKnownFileType = sourcecode.swift; path = CoinRowViewModel.swift; sourceTree = "<group>"; };
		7BE5183329F6F28600985525 /* CoinRowView.swift */ = {isa = PBXFileReference; lastKnownFileType = sourcecode.swift; path = CoinRowView.swift; sourceTree = "<group>"; };
/* End PBXFileReference section */

/* Begin PBXFrameworksBuildPhase section */
		7BE5180E29F6D82200985525 /* Frameworks */ = {
			isa = PBXFrameworksBuildPhase;
			buildActionMask = 2147483647;
			files = (
			);
			runOnlyForDeploymentPostprocessing = 0;
		};
/* End PBXFrameworksBuildPhase section */

/* Begin PBXGroup section */
		7BE5180829F6D82200985525 = {
			isa = PBXGroup;
			children = (
				7BE5181329F6D82200985525 /* CombineCryproCoinApp */,
				7BE5181229F6D82200985525 /* Products */,
			);
			sourceTree = "<group>";
		};
		7BE5181229F6D82200985525 /* Products */ = {
			isa = PBXGroup;
			children = (
				7BE5181129F6D82200985525 /* CombineCryproCoinApp.app */,
			);
			name = Products;
			sourceTree = "<group>";
		};
		7BE5181329F6D82200985525 /* CombineCryproCoinApp */ = {
			isa = PBXGroup;
			children = (
				7BE5181429F6D82200985525 /* CombineCryproCoinAppApp.swift */,
				7BE5181829F6D82300985525 /* Assets.xcassets */,
				7BE5182429F6DD4500985525 /* ViewModels */,
				7BE5182529F6DD4D00985525 /* Views */,
				7BE5182A29F6DE0100985525 /* CoinGeckoAPI */,
				7BE5181A29F6D82300985525 /* Preview Content */,
			);
			path = CombineCryproCoinApp;
			sourceTree = "<group>";
		};
		7BE5181A29F6D82300985525 /* Preview Content */ = {
			isa = PBXGroup;
			children = (
				7BE5181B29F6D82300985525 /* Preview Assets.xcassets */,
			);
			path = "Preview Content";
			sourceTree = "<group>";
		};
		7BE5182429F6DD4500985525 /* ViewModels */ = {
			isa = PBXGroup;
			children = (
				7BE5183129F6F27D00985525 /* CoinRowViewModel.swift */,
				7BE5182229F6DD1800985525 /* HomeViewModel.swift */,
			);
			path = ViewModels;
			sourceTree = "<group>";
		};
		7BE5182529F6DD4D00985525 /* Views */ = {
			isa = PBXGroup;
			children = (
				7BE5183329F6F28600985525 /* CoinRowView.swift */,
				7BE5181629F6D82200985525 /* HomeView.swift */,
			);
			path = Views;
			sourceTree = "<group>";
		};
		7BE5182A29F6DE0100985525 /* CoinGeckoAPI */ = {
			isa = PBXGroup;
			children = (
				7BE5182B29F6E22A00985525 /* Parsing.swift */,
				7BE5182629F6DDDD00985525 /* Responses.swift */,
				7BE5182D29F6E24500985525 /* CoinError.swift */,
				7BE5182F29F6E2CC00985525 /* CoinFetcher.swift */,
			);
			path = CoinGeckoAPI;
			sourceTree = "<group>";
		};
/* End PBXGroup section */

/* Begin PBXNativeTarget section */
		7BE5181029F6D82200985525 /* CombineCryproCoinApp */ = {
			isa = PBXNativeTarget;
			buildConfigurationList = 7BE5181F29F6D82300985525 /* Build configuration list for PBXNativeTarget "CombineCryproCoinApp" */;
			buildPhases = (
				7BE5180D29F6D82200985525 /* Sources */,
				7BE5180E29F6D82200985525 /* Frameworks */,
				7BE5180F29F6D82200985525 /* Resources */,
			);
			buildRules = (
			);
			dependencies = (
			);
			name = CombineCryproCoinApp;
			productName = CombineCryproCoinApp;
			productReference = 7BE5181129F6D82200985525 /* CombineCryproCoinApp.app */;
			productType = "com.apple.product-type.application";
		};
/* End PBXNativeTarget section */

/* Begin PBXProject section */
		7BE5180929F6D82200985525 /* Project object */ = {
			isa = PBXProject;
			attributes = {
				BuildIndependentTargetsInParallel = 1;
				LastSwiftUpdateCheck = 1430;
				LastUpgradeCheck = 1430;
				TargetAttributes = {
					7BE5181029F6D82200985525 = {
						CreatedOnToolsVersion = 14.3;
					};
				};
			};
			buildConfigurationList = 7BE5180C29F6D82200985525 /* Build configuration list for PBXProject "CombineCryproCoinApp" */;
			compatibilityVersion = "Xcode 14.0";
			developmentRegion = en;
			hasScannedForEncodings = 0;
			knownRegions = (
				en,
				Base,
			);
			mainGroup = 7BE5180829F6D82200985525;
			productRefGroup = 7BE5181229F6D82200985525 /* Products */;
			projectDirPath = "";
			projectRoot = "";
			targets = (
				7BE5181029F6D82200985525 /* CombineCryproCoinApp */,
			);
		};
/* End PBXProject section */

/* Begin PBXResourcesBuildPhase section */
		7BE5180F29F6D82200985525 /* Resources */ = {
			isa = PBXResourcesBuildPhase;
			buildActionMask = 2147483647;
			files = (
				7BE5181C29F6D82300985525 /* Preview Assets.xcassets in Resources */,
				7BE5181929F6D82300985525 /* Assets.xcassets in Resources */,
			);
			runOnlyForDeploymentPostprocessing = 0;
		};
/* End PBXResourcesBuildPhase section */

/* Begin PBXSourcesBuildPhase section */
		7BE5180D29F6D82200985525 /* Sources */ = {
			isa = PBXSourcesBuildPhase;
			buildActionMask = 2147483647;
			files = (
				7BE5183429F6F28600985525 /* CoinRowView.swift in Sources */,
				7BE5181729F6D82200985525 /* HomeView.swift in Sources */,
				7BE5182C29F6E22A00985525 /* Parsing.swift in Sources */,
				7BE5182729F6DDDD00985525 /* Responses.swift in Sources */,
				7BE5182329F6DD1800985525 /* HomeViewModel.swift in Sources */,
				7BE5181529F6D82200985525 /* CombineCryproCoinAppApp.swift in Sources */,
				7BE5183029F6E2CC00985525 /* CoinFetcher.swift in Sources */,
				7BE5183229F6F27D00985525 /* CoinRowViewModel.swift in Sources */,
				7BE5182E29F6E24500985525 /* CoinError.swift in Sources */,
			);
			runOnlyForDeploymentPostprocessing = 0;
		};
/* End PBXSourcesBuildPhase section */

/* Begin XCBuildConfiguration section */
		7BE5181D29F6D82300985525 /* Debug */ = {
			isa = XCBuildConfiguration;
			buildSettings = {
				ALWAYS_SEARCH_USER_PATHS = NO;
				CLANG_ANALYZER_NONNULL = YES;
				CLANG_ANALYZER_NUMBER_OBJECT_CONVERSION = YES_AGGRESSIVE;
				CLANG_CXX_LANGUAGE_STANDARD = "gnu++20";
				CLANG_ENABLE_MODULES = YES;
				CLANG_ENABLE_OBJC_ARC = YES;
				CLANG_ENABLE_OBJC_WEAK = YES;
				CLANG_WARN_BLOCK_CAPTURE_AUTORELEASING = YES;
				CLANG_WARN_BOOL_CONVERSION = YES;
				CLANG_WARN_COMMA = YES;
				CLANG_WARN_CONSTANT_CONVERSION = YES;
				CLANG_WARN_DEPRECATED_OBJC_IMPLEMENTATIONS = YES;
				CLANG_WARN_DIRECT_OBJC_ISA_USAGE = YES_ERROR;
				CLANG_WARN_DOCUMENTATION_COMMENTS = YES;
				CLANG_WARN_EMPTY_BODY = YES;
				CLANG_WARN_ENUM_CONVERSION = YES;
				CLANG_WARN_INFINITE_RECURSION = YES;
				CLANG_WARN_INT_CONVERSION = YES;
				CLANG_WARN_NON_LITERAL_NULL_CONVERSION = YES;
				CLANG_WARN_OBJC_IMPLICIT_RETAIN_SELF = YES;
				CLANG_WARN_OBJC_LITERAL_CONVERSION = YES;
				CLANG_WARN_OBJC_ROOT_CLASS = YES_ERROR;
				CLANG_WARN_QUOTED_INCLUDE_IN_FRAMEWORK_HEADER = YES;
				CLANG_WARN_RANGE_LOOP_ANALYSIS = YES;
				CLANG_WARN_STRICT_PROTOTYPES = YES;
				CLANG_WARN_SUSPICIOUS_MOVE = YES;
				CLANG_WARN_UNGUARDED_AVAILABILITY = YES_AGGRESSIVE;
				CLANG_WARN_UNREACHABLE_CODE = YES;
				CLANG_WARN__DUPLICATE_METHOD_MATCH = YES;
				COPY_PHASE_STRIP = NO;
				DEBUG_INFORMATION_FORMAT = dwarf;
				ENABLE_STRICT_OBJC_MSGSEND = YES;
				ENABLE_TESTABILITY = YES;
				GCC_C_LANGUAGE_STANDARD = gnu11;
				GCC_DYNAMIC_NO_PIC = NO;
				GCC_NO_COMMON_BLOCKS = YES;
				GCC_OPTIMIZATION_LEVEL = 0;
				GCC_PREPROCESSOR_DEFINITIONS = (
					"DEBUG=1",
					"$(inherited)",
				);
				GCC_WARN_64_TO_32_BIT_CONVERSION = YES;
				GCC_WARN_ABOUT_RETURN_TYPE = YES_ERROR;
				GCC_WARN_UNDECLARED_SELECTOR = YES;
				GCC_WARN_UNINITIALIZED_AUTOS = YES_AGGRESSIVE;
				GCC_WARN_UNUSED_FUNCTION = YES;
				GCC_WARN_UNUSED_VARIABLE = YES;
				IPHONEOS_DEPLOYMENT_TARGET = 16.4;
				MTL_ENABLE_DEBUG_INFO = INCLUDE_SOURCE;
				MTL_FAST_MATH = YES;
				ONLY_ACTIVE_ARCH = YES;
				SDKROOT = iphoneos;
				SWIFT_ACTIVE_COMPILATION_CONDITIONS = DEBUG;
				SWIFT_OPTIMIZATION_LEVEL = "-Onone";
			};
			name = Debug;
		};
		7BE5181E29F6D82300985525 /* Release */ = {
			isa = XCBuildConfiguration;
			buildSettings = {
				ALWAYS_SEARCH_USER_PATHS = NO;
				CLANG_ANALYZER_NONNULL = YES;
				CLANG_ANALYZER_NUMBER_OBJECT_CONVERSION = YES_AGGRESSIVE;
				CLANG_CXX_LANGUAGE_STANDARD = "gnu++20";
				CLANG_ENABLE_MODULES = YES;
				CLANG_ENABLE_OBJC_ARC = YES;
				CLANG_ENABLE_OBJC_WEAK = YES;
				CLANG_WARN_BLOCK_CAPTURE_AUTORELEASING = YES;
				CLANG_WARN_BOOL_CONVERSION = YES;
				CLANG_WARN_COMMA = YES;
				CLANG_WARN_CONSTANT_CONVERSION = YES;
				CLANG_WARN_DEPRECATED_OBJC_IMPLEMENTATIONS = YES;
				CLANG_WARN_DIRECT_OBJC_ISA_USAGE = YES_ERROR;
				CLANG_WARN_DOCUMENTATION_COMMENTS = YES;
				CLANG_WARN_EMPTY_BODY = YES;
				CLANG_WARN_ENUM_CONVERSION = YES;
				CLANG_WARN_INFINITE_RECURSION = YES;
				CLANG_WARN_INT_CONVERSION = YES;
				CLANG_WARN_NON_LITERAL_NULL_CONVERSION = YES;
				CLANG_WARN_OBJC_IMPLICIT_RETAIN_SELF = YES;
				CLANG_WARN_OBJC_LITERAL_CONVERSION = YES;
				CLANG_WARN_OBJC_ROOT_CLASS = YES_ERROR;
				CLANG_WARN_QUOTED_INCLUDE_IN_FRAMEWORK_HEADER = YES;
				CLANG_WARN_RANGE_LOOP_ANALYSIS = YES;
				CLANG_WARN_STRICT_PROTOTYPES = YES;
				CLANG_WARN_SUSPICIOUS_MOVE = YES;
				CLANG_WARN_UNGUARDED_AVAILABILITY = YES_AGGRESSIVE;
				CLANG_WARN_UNREACHABLE_CODE = YES;
				CLANG_WARN__DUPLICATE_METHOD_MATCH = YES;
				COPY_PHASE_STRIP = NO;
				DEBUG_INFORMATION_FORMAT = "dwarf-with-dsym";
				ENABLE_NS_ASSERTIONS = NO;
				ENABLE_STRICT_OBJC_MSGSEND = YES;
				GCC_C_LANGUAGE_STANDARD = gnu11;
				GCC_NO_COMMON_BLOCKS = YES;
				GCC_WARN_64_TO_32_BIT_CONVERSION = YES;
				GCC_WARN_ABOUT_RETURN_TYPE = YES_ERROR;
				GCC_WARN_UNDECLARED_SELECTOR = YES;
				GCC_WARN_UNINITIALIZED_AUTOS = YES_AGGRESSIVE;
				GCC_WARN_UNUSED_FUNCTION = YES;
				GCC_WARN_UNUSED_VARIABLE = YES;
				IPHONEOS_DEPLOYMENT_TARGET = 16.4;
				MTL_ENABLE_DEBUG_INFO = NO;
				MTL_FAST_MATH = YES;
				SDKROOT = iphoneos;
				SWIFT_COMPILATION_MODE = wholemodule;
				SWIFT_OPTIMIZATION_LEVEL = "-O";
				VALIDATE_PRODUCT = YES;
			};
			name = Release;
		};
		7BE5182029F6D82300985525 /* Debug */ = {
			isa = XCBuildConfiguration;
			buildSettings = {
				ASSETCATALOG_COMPILER_APPICON_NAME = AppIcon;
				ASSETCATALOG_COMPILER_GLOBAL_ACCENT_COLOR_NAME = AccentColor;
				CODE_SIGN_STYLE = Automatic;
				CURRENT_PROJECT_VERSION = 1;
				DEVELOPMENT_ASSET_PATHS = "\"CombineCryproCoinApp/Preview Content\"";
				DEVELOPMENT_TEAM = G9H564688N;
				ENABLE_PREVIEWS = YES;
				GENERATE_INFOPLIST_FILE = YES;
				INFOPLIST_KEY_UIApplicationSceneManifest_Generation = YES;
				INFOPLIST_KEY_UIApplicationSupportsIndirectInputEvents = YES;
				INFOPLIST_KEY_UILaunchScreen_Generation = YES;
				INFOPLIST_KEY_UISupportedInterfaceOrientations_iPad = "UIInterfaceOrientationPortrait UIInterfaceOrientationPortraitUpsideDown UIInterfaceOrientationLandscapeLeft UIInterfaceOrientationLandscapeRight";
				INFOPLIST_KEY_UISupportedInterfaceOrientations_iPhone = "UIInterfaceOrientationPortrait UIInterfaceOrientationLandscapeLeft UIInterfaceOrientationLandscapeRight";
				LD_RUNPATH_SEARCH_PATHS = (
					"$(inherited)",
					"@executable_path/Frameworks",
				);
				MARKETING_VERSION = 1.0;
				PRODUCT_BUNDLE_IDENTIFIER = com.vincenzopascarella.CombineCryproCoinApp;
				PRODUCT_NAME = "$(TARGET_NAME)";
				SWIFT_EMIT_LOC_STRINGS = YES;
				SWIFT_VERSION = 5.0;
				TARGETED_DEVICE_FAMILY = "1,2";
			};
			name = Debug;
		};
		7BE5182129F6D82300985525 /* Release */ = {
			isa = XCBuildConfiguration;
			buildSettings = {
				ASSETCATALOG_COMPILER_APPICON_NAME = AppIcon;
				ASSETCATALOG_COMPILER_GLOBAL_ACCENT_COLOR_NAME = AccentColor;
				CODE_SIGN_STYLE = Automatic;
				CURRENT_PROJECT_VERSION = 1;
				DEVELOPMENT_ASSET_PATHS = "\"CombineCryproCoinApp/Preview Content\"";
				DEVELOPMENT_TEAM = G9H564688N;
				ENABLE_PREVIEWS = YES;
				GENERATE_INFOPLIST_FILE = YES;
				INFOPLIST_KEY_UIApplicationSceneManifest_Generation = YES;
				INFOPLIST_KEY_UIApplicationSupportsIndirectInputEvents = YES;
				INFOPLIST_KEY_UILaunchScreen_Generation = YES;
				INFOPLIST_KEY_UISupportedInterfaceOrientations_iPad = "UIInterfaceOrientationPortrait UIInterfaceOrientationPortraitUpsideDown UIInterfaceOrientationLandscapeLeft UIInterfaceOrientationLandscapeRight";
				INFOPLIST_KEY_UISupportedInterfaceOrientations_iPhone = "UIInterfaceOrientationPortrait UIInterfaceOrientationLandscapeLeft UIInterfaceOrientationLandscapeRight";
				LD_RUNPATH_SEARCH_PATHS = (
					"$(inherited)",
					"@executable_path/Frameworks",
				);
				MARKETING_VERSION = 1.0;
				PRODUCT_BUNDLE_IDENTIFIER = com.vincenzopascarella.CombineCryproCoinApp;
				PRODUCT_NAME = "$(TARGET_NAME)";
				SWIFT_EMIT_LOC_STRINGS = YES;
				SWIFT_VERSION = 5.0;
				TARGETED_DEVICE_FAMILY = "1,2";
			};
			name = Release;
		};
/* End XCBuildConfiguration section */

/* Begin XCConfigurationList section */
		7BE5180C29F6D82200985525 /* Build configuration list for PBXProject "CombineCryproCoinApp" */ = {
			isa = XCConfigurationList;
			buildConfigurations = (
				7BE5181D29F6D82300985525 /* Debug */,
				7BE5181E29F6D82300985525 /* Release */,
			);
			defaultConfigurationIsVisible = 0;
			defaultConfigurationName = Release;
		};
		7BE5181F29F6D82300985525 /* Build configuration list for PBXNativeTarget "CombineCryproCoinApp" */ = {
			isa = XCConfigurationList;
			buildConfigurations = (
				7BE5182029F6D82300985525 /* Debug */,
				7BE5182129F6D82300985525 /* Release */,
			);
			defaultConfigurationIsVisible = 0;
			defaultConfigurationName = Release;
		};
/* End XCConfigurationList section */
	};
	rootObject = 7BE5180929F6D82200985525 /* Project object */;
}
